
Microsoft Visual Studio Solution File, Format Version 12.00
# Visual Studio 15
VisualStudioVersion = 15.0.28010.2048
MinimumVisualStudioVersion = 10.0.40219.1
Project("{FAE04EC0-301F-11D3-BF4B-00C04F79EFBC}") = "Blok", "Blok\Blok.csproj", "{C1591F23-8F13-401C-A3B2-193C2AFA20C0}"
EndProject
Global
	GlobalSection(SolutionConfigurationPlatforms) = preSolution
		Debug|Any CPU = Debug|Any CPU
		Release|Any CPU = Release|Any CPU
	EndGlobalSection
	GlobalSection(ProjectConfigurationPlatforms) = postSolution
		{C1591F23-8F13-401C-A3B2-193C2AFA20C0}.Debug|Any CPU.ActiveCfg = Debug|Any CPU
		{C1591F23-8F13-401C-A3B2-193C2AFA20C0}.Debug|Any CPU.Build.0 = Debug|Any CPU
		{C1591F23-8F13-401C-A3B2-193C2AFA20C0}.Release|Any CPU.ActiveCfg = Release|Any CPU
		{C1591F23-8F13-401C-A3B2-193C2AFA20C0}.Release|Any CPU.Build.0 = Release|Any CPU
	EndGlobalSection
	GlobalSection(SolutionProperties) = preSolution
		HideSolutionNode = FALSE
	EndGlobalSection
	GlobalSection(ExtensibilityGlobals) = postSolution
		SolutionGuid = {988F7C33-320C-4830-AFBD-306E3A757AE3}
	EndGlobalSection
EndGlobal
